
Microsoft Visual Studio Solution File, Format Version 12.00
# Visual Studio 2013
VisualStudioVersion = 12.0.31101.0
MinimumVisualStudioVersion = 10.0.40219.1
Project("{2150E333-8FDC-42A3-9474-1A3956D46DE8}") = "Engine", "Engine", "{FE4C1C0D-0135-4E87-837E-86CEA41AA43D}"
EndProject
Project("{2150E333-8FDC-42A3-9474-1A3956D46DE8}") = "Games", "Games", "{8AC65A8F-EDD4-492E-9E7F-FF8016B3E2C0}"
EndProject
Project("{8BC9CEB8-8B4A-11D0-8D11-00A0C91BC942}") = "Sciges_BeyondofTime", "Intermediate\ProjectFiles\Sciges_BeyondofTime.vcxproj", "{0A3C2BA5-EB32-4F57-BD69-2161650630D8}"
EndProject
Project("{8BC9CEB8-8B4A-11D0-8D11-00A0C91BC942}") = "UE4", "Intermediate\ProjectFiles\UE4.vcxproj", "{9C3B80E0-476F-4054-A3D1-B4BB6EB1F136}"
EndProject
Global
	GlobalSection(SolutionConfigurationPlatforms) = preSolution
		DebugGame Editor|Windows = DebugGame Editor|Windows
		DebugGame|Windows = DebugGame|Windows
		Development Editor|Windows = Development Editor|Windows
		Development|Windows = Development|Windows
		Shipping|Windows = Shipping|Windows
	EndGlobalSection
	GlobalSection(ProjectConfigurationPlatforms) = postSolution
		{0A3C2BA5-EB32-4F57-BD69-2161650630D8}.DebugGame Editor|Windows.ActiveCfg = DebugGame_Editor|x64
		{0A3C2BA5-EB32-4F57-BD69-2161650630D8}.DebugGame Editor|Windows.Build.0 = DebugGame_Editor|x64
		{0A3C2BA5-EB32-4F57-BD69-2161650630D8}.DebugGame|Windows.ActiveCfg = DebugGame_Game|x64
		{0A3C2BA5-EB32-4F57-BD69-2161650630D8}.DebugGame|Windows.Build.0 = DebugGame_Game|x64
		{0A3C2BA5-EB32-4F57-BD69-2161650630D8}.Development Editor|Windows.ActiveCfg = Development_Editor|x64
		{0A3C2BA5-EB32-4F57-BD69-2161650630D8}.Development Editor|Windows.Build.0 = Development_Editor|x64
		{0A3C2BA5-EB32-4F57-BD69-2161650630D8}.Development|Windows.ActiveCfg = Development_Game|x64
		{0A3C2BA5-EB32-4F57-BD69-2161650630D8}.Development|Windows.Build.0 = Development_Game|x64
		{0A3C2BA5-EB32-4F57-BD69-2161650630D8}.Shipping|Windows.ActiveCfg = Shipping_Game|Win32
		{0A3C2BA5-EB32-4F57-BD69-2161650630D8}.Shipping|Windows.Build.0 = Shipping_Game|Win32
		{9C3B80E0-476F-4054-A3D1-B4BB6EB1F136}.DebugGame Editor|Windows.ActiveCfg = BuiltWithUnrealBuildTool|Win32
		{9C3B80E0-476F-4054-A3D1-B4BB6EB1F136}.DebugGame|Windows.ActiveCfg = BuiltWithUnrealBuildTool|Win32
		{9C3B80E0-476F-4054-A3D1-B4BB6EB1F136}.Development Editor|Windows.ActiveCfg = BuiltWithUnrealBuildTool|Win32
		{9C3B80E0-476F-4054-A3D1-B4BB6EB1F136}.Development|Windows.ActiveCfg = BuiltWithUnrealBuildTool|Win32
		{9C3B80E0-476F-4054-A3D1-B4BB6EB1F136}.Shipping|Windows.ActiveCfg = BuiltWithUnrealBuildTool|Win32
	EndGlobalSection
	GlobalSection(SolutionProperties) = preSolution
		HideSolutionNode = FALSE
	EndGlobalSection
	GlobalSection(NestedProjects) = preSolution
		{0A3C2BA5-EB32-4F57-BD69-2161650630D8} = {8AC65A8F-EDD4-492E-9E7F-FF8016B3E2C0}
		{9C3B80E0-476F-4054-A3D1-B4BB6EB1F136} = {FE4C1C0D-0135-4E87-837E-86CEA41AA43D}
	EndGlobalSection
EndGlobal
